{
  "name": "Coffeecube",
  "lockfileVersion": 3,
  "requires": true,
  "packages": {
    "": {
      "dependencies": {
        "@splidejs/splide": "^4.1.4",
        "@splidejs/splide-extension-grid": "^0.4.1"
      }
    },
    "node_modules/@splidejs/splide": {
      "version": "4.1.4",
      "resolved": "https://registry.npmjs.org/@splidejs/splide/-/splide-4.1.4.tgz",
      "integrity": "sha512-5I30evTJcAJQXt6vJ26g2xEkG+l1nXcpEw4xpKh0/FWQ8ozmAeTbtniVtVmz2sH1Es3vgfC4SS8B2X4o5JMptA=="
    },
    "node_modules/@splidejs/splide-extension-grid": {
      "version": "0.4.1",
      "resolved": "https://registry.npmjs.org/@splidejs/splide-extension-grid/-/splide-extension-grid-0.4.1.tgz",
      "integrity": "sha512-XM3pl5VKvmoybwZRrv4xE8Hff2mT6Chl9GnGd8nQogo4ZtTgxzqAZqBxLvhrl5UuUswIdmNoRmMeeEgx9twrvw=="
    }
  }
}
